
Microsoft Visual Studio Solution File, Format Version 12.00
# Visual Studio Version 17
VisualStudioVersion = 17.0.31919.166
MinimumVisualStudioVersion = 10.0.40219.1
Project("{FAE04EC0-301F-11D3-BF4B-00C04F79EFBC}") = "JadeML", "JadeML.csproj", "{CE5AB707-C4B2-4A26-94F7-97685B2B7AB3}"
EndProject
Project("{2150E333-8FDC-42A3-9474-1A3956D46DE8}") = "Solution Items", "Solution Items", "{BFE0AE77-4767-4149-BBE9-D72CDE9F0AFE}"
	ProjectSection(SolutionItems) = preProject
		.editorconfig = .editorconfig
	EndProjectSection
EndProject
Project("{54435603-DBB4-11D2-8724-00A0C9A8B90C}") = "JadeMLSetup", "..\JadeMLSetup\JadeMLSetup.vdproj", "{36F2343E-69FC-433E-B64A-E80FDDCF0AF4}"
EndProject
Global
	GlobalSection(SolutionConfigurationPlatforms) = preSolution
		Debug|Any CPU = Debug|Any CPU
		Release|Any CPU = Release|Any CPU
	EndGlobalSection
	GlobalSection(ProjectConfigurationPlatforms) = postSolution
		{CE5AB707-C4B2-4A26-94F7-97685B2B7AB3}.Debug|Any CPU.ActiveCfg = Debug|Any CPU
		{CE5AB707-C4B2-4A26-94F7-97685B2B7AB3}.Debug|Any CPU.Build.0 = Debug|Any CPU
		{CE5AB707-C4B2-4A26-94F7-97685B2B7AB3}.Release|Any CPU.ActiveCfg = Release|Any CPU
		{CE5AB707-C4B2-4A26-94F7-97685B2B7AB3}.Release|Any CPU.Build.0 = Release|Any CPU
		{36F2343E-69FC-433E-B64A-E80FDDCF0AF4}.Debug|Any CPU.ActiveCfg = Debug
		{36F2343E-69FC-433E-B64A-E80FDDCF0AF4}.Release|Any CPU.ActiveCfg = Release
	EndGlobalSection
	GlobalSection(SolutionProperties) = preSolution
		HideSolutionNode = FALSE
	EndGlobalSection
	GlobalSection(ExtensibilityGlobals) = postSolution
		SolutionGuid = {08D09D24-EF3A-40EC-B758-D1B13AE98313}
	EndGlobalSection
EndGlobal
